
Microsoft Visual Studio Solution File, Format Version 12.00
# Visual Studio Version 17
VisualStudioVersion = 17.2.32516.85
MinimumVisualStudioVersion = 10.0.40219.1
Project("{9A19103F-16F7-4668-BE54-9A1E7A4F7556}") = "MyApp", "MyApp\MyApp.csproj", "{834EB84B-FE2E-46A7-A072-DA021816C529}"
EndProject
Global
	GlobalSection(SolutionConfigurationPlatforms) = preSolution
		Debug|Any CPU = Debug|Any CPU
		Release|Any CPU = Release|Any CPU
	EndGlobalSection
	GlobalSection(ProjectConfigurationPlatforms) = postSolution
		{834EB84B-FE2E-46A7-A072-DA021816C529}.Debug|Any CPU.ActiveCfg = Debug|Any CPU
		{834EB84B-FE2E-46A7-A072-DA021816C529}.Debug|Any CPU.Build.0 = Debug|Any CPU
		{834EB84B-FE2E-46A7-A072-DA021816C529}.Release|Any CPU.ActiveCfg = Release|Any CPU
		{834EB84B-FE2E-46A7-A072-DA021816C529}.Release|Any CPU.Build.0 = Release|Any CPU
	EndGlobalSection
	GlobalSection(SolutionProperties) = preSolution
		HideSolutionNode = FALSE
	EndGlobalSection
	GlobalSection(ExtensibilityGlobals) = postSolution
		SolutionGuid = {6E202563-D1AB-4B28-823C-8848946D0C79}
	EndGlobalSection
EndGlobal
